<?xml version="1.0" encoding="utf-8"?>
<Project ToolsVersion="4.0" xmlns="http://schemas.microsoft.com/developer/msbuild/2003">
  <ItemGroup>
    <Filter Include="RobbEngine">
      <UniqueIdentifier>{60DEF894-4C96-3AE2-B59D-133EA174D5D2}</UniqueIdentifier>
    </Filter>
    <Filter Include="RobbEngine\Events">
      <UniqueIdentifier>{449EB8C8-B0B4-B65E-F92B-4280658187E6}</UniqueIdentifier>
    </Filter>
  </ItemGroup>
  <ItemGroup>
    <ClInclude Include="src\RobbEngine.h" />
    <ClInclude Include="src\RobbEngine\Application.h">
      <Filter>RobbEngine</Filter>
    </ClInclude>
    <ClInclude Include="src\RobbEngine\Core.h">
      <Filter>RobbEngine</Filter>
    </ClInclude>
    <ClInclude Include="src\RobbEngine\EntryPoint.h">
      <Filter>RobbEngine</Filter>
    </ClInclude>
    <ClInclude Include="src\RobbEngine\Events\ApplicationEvent.h">
      <Filter>RobbEngine\Events</Filter>
    </ClInclude>
    <ClInclude Include="src\RobbEngine\Events\Event.h">
      <Filter>RobbEngine\Events</Filter>
    </ClInclude>
    <ClInclude Include="src\RobbEngine\Events\KeyEvent.h">
      <Filter>RobbEngine\Events</Filter>
    </ClInclude>
    <ClInclude Include="src\RobbEngine\Events\MouseEvent.h">
      <Filter>RobbEngine\Events</Filter>
    </ClInclude>
    <ClInclude Include="src\RobbEngine\Log.h">
      <Filter>RobbEngine</Filter>
    </ClInclude>
    <ClInclude Include="src\repch.h" />
  </ItemGroup>
  <ItemGroup>
    <ClCompile Include="src\RobbEngine\Application.cpp">
      <Filter>RobbEngine</Filter>
    </ClCompile>
    <ClCompile Include="src\RobbEngine\Log.cpp">
      <Filter>RobbEngine</Filter>
    </ClCompile>
    <ClCompile Include="src\repch.cpp" />
  </ItemGroup>
</Project>