<?xml version="1.0" encoding="utf-8"?>
<Project ToolsVersion="4.0" xmlns="http://schemas.microsoft.com/developer/msbuild/2003">
  <ItemGroup>
    <Filter Include="Platform">
      <UniqueIdentifier>{2AC788B4-1694-E3BF-3FAD-D1672BD9184E}</UniqueIdentifier>
    </Filter>
    <Filter Include="Platform\OpenGL">
      <UniqueIdentifier>{1E7D2C1D-8A08-9AE1-9319-1DD6FF23F6E1}</UniqueIdentifier>
    </Filter>
    <Filter Include="Platform\Windows">
      <UniqueIdentifier>{64FBD71A-50F4-F66C-7926-DCF1657ED678}</UniqueIdentifier>
    </Filter>
    <Filter Include="RobbEngine">
      <UniqueIdentifier>{60DEF894-4C96-3AE2-B59D-133EA174D5D2}</UniqueIdentifier>
    </Filter>
    <Filter Include="RobbEngine\Events">
      <UniqueIdentifier>{449EB8C8-B0B4-B65E-F92B-4280658187E6}</UniqueIdentifier>
    </Filter>
    <Filter Include="RobbEngine\ImGui">
      <UniqueIdentifier>{8A9B86C0-7694-A512-9FC6-8A978B1E851E}</UniqueIdentifier>
    </Filter>
  </ItemGroup>
  <ItemGroup>
    <ClInclude Include="src\Platform\OpenGL\ImGuiOpenGLRenderer.h">
      <Filter>Platform\OpenGL</Filter>
    </ClInclude>
    <ClInclude Include="src\Platform\Windows\WindowsWindow.h">
      <Filter>Platform\Windows</Filter>
    </ClInclude>
    <ClInclude Include="src\RobbEngine.h" />
    <ClInclude Include="src\RobbEngine\Application.h">
      <Filter>RobbEngine</Filter>
    </ClInclude>
    <ClInclude Include="src\RobbEngine\Core.h">
      <Filter>RobbEngine</Filter>
    </ClInclude>
    <ClInclude Include="src\RobbEngine\EntryPoint.h">
      <Filter>RobbEngine</Filter>
    </ClInclude>
    <ClInclude Include="src\RobbEngine\Events\ApplicationEvent.h">
      <Filter>RobbEngine\Events</Filter>
    </ClInclude>
    <ClInclude Include="src\RobbEngine\Events\Event.h">
      <Filter>RobbEngine\Events</Filter>
    </ClInclude>
    <ClInclude Include="src\RobbEngine\Events\KeyEvent.h">
      <Filter>RobbEngine\Events</Filter>
    </ClInclude>
    <ClInclude Include="src\RobbEngine\Events\MouseEvent.h">
      <Filter>RobbEngine\Events</Filter>
    </ClInclude>
    <ClInclude Include="src\RobbEngine\ImGui\ImGuiLayer.h">
      <Filter>RobbEngine\ImGui</Filter>
    </ClInclude>
    <ClInclude Include="src\RobbEngine\Layer.h">
      <Filter>RobbEngine</Filter>
    </ClInclude>
    <ClInclude Include="src\RobbEngine\LayerStack.h">
      <Filter>RobbEngine</Filter>
    </ClInclude>
    <ClInclude Include="src\RobbEngine\Log.h">
      <Filter>RobbEngine</Filter>
    </ClInclude>
    <ClInclude Include="src\RobbEngine\Window.h">
      <Filter>RobbEngine</Filter>
    </ClInclude>
    <ClInclude Include="src\repch.h" />
    <ClInclude Include="src\RobbEngine\Input.h" />
    <ClInclude Include="src\Platform\Windows\WindowsInput.h" />
    <ClInclude Include="src\RobbEngine\KeyCodes.h" />
    <ClInclude Include="src\RobbEngine\MouseButtonCodes.h" />
  </ItemGroup>
  <ItemGroup>
    <ClCompile Include="src\Platform\OpenGL\ImGuiOpenGLRenderer.cpp">
      <Filter>Platform\OpenGL</Filter>
    </ClCompile>
    <ClCompile Include="src\Platform\Windows\WindowsWindow.cpp">
      <Filter>Platform\Windows</Filter>
    </ClCompile>
    <ClCompile Include="src\RobbEngine\Application.cpp">
      <Filter>RobbEngine</Filter>
    </ClCompile>
    <ClCompile Include="src\RobbEngine\ImGui\ImGuiLayer.cpp">
      <Filter>RobbEngine\ImGui</Filter>
    </ClCompile>
    <ClCompile Include="src\RobbEngine\Layer.cpp">
      <Filter>RobbEngine</Filter>
    </ClCompile>
    <ClCompile Include="src\RobbEngine\LayerStack.cpp">
      <Filter>RobbEngine</Filter>
    </ClCompile>
    <ClCompile Include="src\RobbEngine\Log.cpp">
      <Filter>RobbEngine</Filter>
    </ClCompile>
    <ClCompile Include="src\repch.cpp" />
    <ClCompile Include="src\Platform\Windows\WindowsInput.cpp" />
  </ItemGroup>
</Project>